
Microsoft Visual Studio Solution File, Format Version 12.00
# Visual Studio Version 17
VisualStudioVersion = 17.5.33502.453
MinimumVisualStudioVersion = 10.0.40219.1
Project("{FAE04EC0-301F-11D3-BF4B-00C04F79EFBC}") = "DataBase_P35", "DataBase_P35\DataBase_P35.csproj", "{C96F7BBF-453F-4412-87AA-68D30CDE132A}"
EndProject
Global
	GlobalSection(SolutionConfigurationPlatforms) = preSolution
		Debug|Any CPU = Debug|Any CPU
		Release|Any CPU = Release|Any CPU
	EndGlobalSection
	GlobalSection(ProjectConfigurationPlatforms) = postSolution
		{C96F7BBF-453F-4412-87AA-68D30CDE132A}.Debug|Any CPU.ActiveCfg = Debug|Any CPU
		{C96F7BBF-453F-4412-87AA-68D30CDE132A}.Debug|Any CPU.Build.0 = Debug|Any CPU
		{C96F7BBF-453F-4412-87AA-68D30CDE132A}.Release|Any CPU.ActiveCfg = Release|Any CPU
		{C96F7BBF-453F-4412-87AA-68D30CDE132A}.Release|Any CPU.Build.0 = Release|Any CPU
	EndGlobalSection
	GlobalSection(SolutionProperties) = preSolution
		HideSolutionNode = FALSE
	EndGlobalSection
	GlobalSection(ExtensibilityGlobals) = postSolution
		SolutionGuid = {E2597816-B50D-49CF-87CE-7538DD4A1B84}
	EndGlobalSection
EndGlobal
